
Microsoft Visual Studio Solution File, Format Version 12.00
# Visual Studio Version 17
VisualStudioVersion = 17.1.32414.318
MinimumVisualStudioVersion = 10.0.40219.1
Project("{FAE04EC0-301F-11D3-BF4B-00C04F79EFBC}") = "vax", "vax\vax.csproj", "{C15FBBB8-D40C-44EF-ADB6-226AEB2AA1B4}"
EndProject
Global
	GlobalSection(SolutionConfigurationPlatforms) = preSolution
		Debug|Any CPU = Debug|Any CPU
		Release|Any CPU = Release|Any CPU
	EndGlobalSection
	GlobalSection(ProjectConfigurationPlatforms) = postSolution
		{C15FBBB8-D40C-44EF-ADB6-226AEB2AA1B4}.Debug|Any CPU.ActiveCfg = Debug|Any CPU
		{C15FBBB8-D40C-44EF-ADB6-226AEB2AA1B4}.Debug|Any CPU.Build.0 = Debug|Any CPU
		{C15FBBB8-D40C-44EF-ADB6-226AEB2AA1B4}.Release|Any CPU.ActiveCfg = Release|Any CPU
		{C15FBBB8-D40C-44EF-ADB6-226AEB2AA1B4}.Release|Any CPU.Build.0 = Release|Any CPU
	EndGlobalSection
	GlobalSection(SolutionProperties) = preSolution
		HideSolutionNode = FALSE
	EndGlobalSection
	GlobalSection(ExtensibilityGlobals) = postSolution
		SolutionGuid = {56B85D60-A0D1-466C-9274-3E6CA2F8CD00}
	EndGlobalSection
EndGlobal
